
Microsoft Visual Studio Solution File, Format Version 12.00
# Visual Studio 2015
Project("{FAE04EC0-301F-11D3-BF4B-00C04F79EFBC}") = "LivingRoom.CSharp", "LivingRoom.CSharp.csproj", "{EEC7032E-52BA-7720-5487-2BE1532573FA}"
EndProject
Project("{FAE04EC0-301F-11D3-BF4B-00C04F79EFBC}") = "LivingRoom.CSharp.Editor", "LivingRoom.CSharp.Editor.csproj", "{665D06AF-0B0E-BCDA-1963-A19F6C0D3FE5}"
EndProject
Global
	GlobalSection(SolutionConfigurationPlatforms) = preSolution
		Debug|Any CPU = Debug|Any CPU
		Release|Any CPU = Release|Any CPU
	EndGlobalSection
	GlobalSection(ProjectConfigurationPlatforms) = postSolution
		{EEC7032E-52BA-7720-5487-2BE1532573FA}.Debug|Any CPU.ActiveCfg = Debug|Any CPU
		{EEC7032E-52BA-7720-5487-2BE1532573FA}.Debug|Any CPU.Build.0 = Debug|Any CPU
		{EEC7032E-52BA-7720-5487-2BE1532573FA}.Release|Any CPU.ActiveCfg = Release|Any CPU
		{EEC7032E-52BA-7720-5487-2BE1532573FA}.Release|Any CPU.Build.0 = Release|Any CPU
		{665D06AF-0B0E-BCDA-1963-A19F6C0D3FE5}.Debug|Any CPU.ActiveCfg = Debug|Any CPU
		{665D06AF-0B0E-BCDA-1963-A19F6C0D3FE5}.Debug|Any CPU.Build.0 = Debug|Any CPU
		{665D06AF-0B0E-BCDA-1963-A19F6C0D3FE5}.Release|Any CPU.ActiveCfg = Release|Any CPU
		{665D06AF-0B0E-BCDA-1963-A19F6C0D3FE5}.Release|Any CPU.Build.0 = Release|Any CPU
	EndGlobalSection
	GlobalSection(SolutionProperties) = preSolution
		HideSolutionNode = FALSE
	EndGlobalSection
EndGlobal
